Microsoft Visual Studio Solution File, Format Version 11.00
# Visual Studio 2008

Project("{3A09B207-7AB7-E157-9801-BB8E7083BE60}") = "A clock take 3", "Assembly-CSharp.csproj", "{71290603-AAC4-4322-1AF8-4ECFA69AE3BB}"
EndProject
Global
	GlobalSection(SolutionConfigurationPlatforms) = preSolution
		Debug|Any CPU = Debug|Any CPU
		Release|Any CPU = Release|Any CPU
	EndGlobalSection
	GlobalSection(ProjectConfigurationPlatforms) = postSolution
		{71290603-AAC4-4322-1AF8-4ECFA69AE3BB}.Debug|Any CPU.ActiveCfg = Debug|Any CPU
		{71290603-AAC4-4322-1AF8-4ECFA69AE3BB}.Debug|Any CPU.Build.0 = Debug|Any CPU
		{71290603-AAC4-4322-1AF8-4ECFA69AE3BB}.Release|Any CPU.ActiveCfg = Release|Any CPU
		{71290603-AAC4-4322-1AF8-4ECFA69AE3BB}.Release|Any CPU.Build.0 = Release|Any CPU
	EndGlobalSection
	GlobalSection(SolutionProperties) = preSolution
		HideSolutionNode = FALSE
	EndGlobalSection
	GlobalSection(MonoDevelopProperties) = preSolution
		StartupItem = Assembly-CSharp.csproj
	EndGlobalSection
EndGlobal
